
Microsoft Visual Studio Solution File, Format Version 12.00
# Visual Studio 15
VisualStudioVersion = 15.0.28010.2026
MinimumVisualStudioVersion = 10.0.40219.1
Project("{9092AA53-FB77-4645-B42D-1CCCA6BD08BD}") = "lab3", "lab3\lab3.njsproj", "{CED70108-2213-43F1-9F76-114725893992}"
EndProject
Global
	GlobalSection(SolutionConfigurationPlatforms) = preSolution
		Debug|Any CPU = Debug|Any CPU
		Release|Any CPU = Release|Any CPU
	EndGlobalSection
	GlobalSection(ProjectConfigurationPlatforms) = postSolution
		{CED70108-2213-43F1-9F76-114725893992}.Debug|Any CPU.ActiveCfg = Debug|Any CPU
		{CED70108-2213-43F1-9F76-114725893992}.Debug|Any CPU.Build.0 = Debug|Any CPU
		{CED70108-2213-43F1-9F76-114725893992}.Release|Any CPU.ActiveCfg = Release|Any CPU
		{CED70108-2213-43F1-9F76-114725893992}.Release|Any CPU.Build.0 = Release|Any CPU
	EndGlobalSection
	GlobalSection(SolutionProperties) = preSolution
		HideSolutionNode = FALSE
	EndGlobalSection
	GlobalSection(ExtensibilityGlobals) = postSolution
		SolutionGuid = {8D256B85-5DB2-4586-A320-4CDB555A2EEB}
	EndGlobalSection
EndGlobal
